
Microsoft Visual Studio Solution File, Format Version 12.00
# Visual Studio Version 17
VisualStudioVersion = 17.10.35013.160
MinimumVisualStudioVersion = 10.0.40219.1
Project("{FAE04EC0-301F-11D3-BF4B-00C04F79EFBC}") = "Assignment", "Assignment\Assignment.csproj", "{F02D6F55-2A8E-4DBC-A4BB-2213EB14EA5E}"
EndProject
Global
	GlobalSection(SolutionConfigurationPlatforms) = preSolution
		Debug|Any CPU = Debug|Any CPU
		Release|Any CPU = Release|Any CPU
	EndGlobalSection
	GlobalSection(ProjectConfigurationPlatforms) = postSolution
		{F02D6F55-2A8E-4DBC-A4BB-2213EB14EA5E}.Debug|Any CPU.ActiveCfg = Debug|Any CPU
		{F02D6F55-2A8E-4DBC-A4BB-2213EB14EA5E}.Debug|Any CPU.Build.0 = Debug|Any CPU
		{F02D6F55-2A8E-4DBC-A4BB-2213EB14EA5E}.Release|Any CPU.ActiveCfg = Release|Any CPU
		{F02D6F55-2A8E-4DBC-A4BB-2213EB14EA5E}.Release|Any CPU.Build.0 = Release|Any CPU
	EndGlobalSection
	GlobalSection(SolutionProperties) = preSolution
		HideSolutionNode = FALSE
	EndGlobalSection
	GlobalSection(ExtensibilityGlobals) = postSolution
		SolutionGuid = {7838DF6A-E271-45A1-81E2-0C54DA4689A9}
	EndGlobalSection
EndGlobal
